
Microsoft Visual Studio Solution File, Format Version 11.00
# Visual Studio 2010
Project("{FAE04EC0-301F-11D3-BF4B-00C04F79EFBC}") = "Web", "Web\Web.csproj", "{81725EE7-EBF0-412D-9424-385491291090}"
EndProject
Project("{FAE04EC0-301F-11D3-BF4B-00C04F79EFBC}") = "Model", "Model\Model.csproj", "{E807FA6E-282C-4C5E-A319-509CE22698AE}"
EndProject
Project("{FAE04EC0-301F-11D3-BF4B-00C04F79EFBC}") = "Bll", "Bll\Bll.csproj", "{A6B154A4-11DF-463E-B9AE-D8C363507B40}"
EndProject
Global
	GlobalSection(SolutionConfigurationPlatforms) = preSolution
		Debug|Any CPU = Debug|Any CPU
		Release|Any CPU = Release|Any CPU
	EndGlobalSection
	GlobalSection(ProjectConfigurationPlatforms) = postSolution
		{81725EE7-EBF0-412D-9424-385491291090}.Debug|Any CPU.ActiveCfg = Debug|Any CPU
		{81725EE7-EBF0-412D-9424-385491291090}.Debug|Any CPU.Build.0 = Debug|Any CPU
		{81725EE7-EBF0-412D-9424-385491291090}.Release|Any CPU.ActiveCfg = Release|Any CPU
		{81725EE7-EBF0-412D-9424-385491291090}.Release|Any CPU.Build.0 = Release|Any CPU
		{E807FA6E-282C-4C5E-A319-509CE22698AE}.Debug|Any CPU.ActiveCfg = Debug|Any CPU
		{E807FA6E-282C-4C5E-A319-509CE22698AE}.Debug|Any CPU.Build.0 = Debug|Any CPU
		{E807FA6E-282C-4C5E-A319-509CE22698AE}.Release|Any CPU.ActiveCfg = Release|Any CPU
		{E807FA6E-282C-4C5E-A319-509CE22698AE}.Release|Any CPU.Build.0 = Release|Any CPU
		{A6B154A4-11DF-463E-B9AE-D8C363507B40}.Debug|Any CPU.ActiveCfg = Debug|Any CPU
		{A6B154A4-11DF-463E-B9AE-D8C363507B40}.Debug|Any CPU.Build.0 = Debug|Any CPU
		{A6B154A4-11DF-463E-B9AE-D8C363507B40}.Release|Any CPU.ActiveCfg = Release|Any CPU
		{A6B154A4-11DF-463E-B9AE-D8C363507B40}.Release|Any CPU.Build.0 = Release|Any CPU
	EndGlobalSection
	GlobalSection(SolutionProperties) = preSolution
		HideSolutionNode = FALSE
	EndGlobalSection
EndGlobal
